
Microsoft Visual Studio Solution File, Format Version 12.00
# Visual Studio Version 16
VisualStudioVersion = 16.0.30011.22
MinimumVisualStudioVersion = 10.0.40219.1
Project("{9A19103F-16F7-4668-BE54-9A1E7A4F7556}") = "BootstrapService", "BootstrapService.csproj", "{DFC425D7-69F7-4CD2-9B98-E1DEA276A819}"
EndProject
Project("{9A19103F-16F7-4668-BE54-9A1E7A4F7556}") = "BootstrapService.Tests", "..\BootstrapService.Tests\BootstrapService.Tests.csproj", "{98A04F0D-E54E-43A4-9CDA-382D5E1C9A34}"
EndProject
Global
	GlobalSection(SolutionConfigurationPlatforms) = preSolution
		Debug|Any CPU = Debug|Any CPU
		Release|Any CPU = Release|Any CPU
	EndGlobalSection
	GlobalSection(ProjectConfigurationPlatforms) = postSolution
		{DFC425D7-69F7-4CD2-9B98-E1DEA276A819}.Debug|Any CPU.ActiveCfg = Debug|Any CPU
		{DFC425D7-69F7-4CD2-9B98-E1DEA276A819}.Debug|Any CPU.Build.0 = Debug|Any CPU
		{DFC425D7-69F7-4CD2-9B98-E1DEA276A819}.Release|Any CPU.ActiveCfg = Release|Any CPU
		{DFC425D7-69F7-4CD2-9B98-E1DEA276A819}.Release|Any CPU.Build.0 = Release|Any CPU
		{98A04F0D-E54E-43A4-9CDA-382D5E1C9A34}.Debug|Any CPU.ActiveCfg = Debug|Any CPU
		{98A04F0D-E54E-43A4-9CDA-382D5E1C9A34}.Debug|Any CPU.Build.0 = Debug|Any CPU
		{98A04F0D-E54E-43A4-9CDA-382D5E1C9A34}.Release|Any CPU.ActiveCfg = Release|Any CPU
		{98A04F0D-E54E-43A4-9CDA-382D5E1C9A34}.Release|Any CPU.Build.0 = Release|Any CPU
	EndGlobalSection
	GlobalSection(SolutionProperties) = preSolution
		HideSolutionNode = FALSE
	EndGlobalSection
	GlobalSection(ExtensibilityGlobals) = postSolution
		SolutionGuid = {75DFC822-BEC9-4A6A-BAEB-2ADE3C08E52D}
	EndGlobalSection
EndGlobal
